<?xml version="1.0" encoding="utf-8"?>
<Project ToolsVersion="4.0" xmlns:atg="http://atg.xbox.com" xmlns="http://schemas.microsoft.com/developer/msbuild/2003">
  <ItemGroup>
    <Filter Include="Resource Files">
      <UniqueIdentifier>{8e114980-c1a3-4ada-ad7c-83caadf5daeb}</UniqueIdentifier>
      <Extensions>rc;ico;cur;bmp;dlg;rc2;rct;bin;rgs;gif;jpg;jpeg;jpe</Extensions>
    </Filter>
    <Filter Include="Shaders">
      <UniqueIdentifier>{2c3d4c8c-5d1a-459a-a05a-a4e4b608a44e}</UniqueIdentifier>
      <Extensions>fx;fxh;hlsl</Extensions>
    </Filter>
    <Filter Include="SpoutSDK">
      <UniqueIdentifier>{bed9d875-d37f-4304-bc33-4edb3eeb6d05}</UniqueIdentifier>
    </Filter>
    <Filter Include="SpoutDX">
      <UniqueIdentifier>{439acae0-ece1-4e7f-8a7b-007cd58b8083}</UniqueIdentifier>
    </Filter>
  </ItemGroup>
  <ItemGroup>
    <ClCompile Include="Tutorial04.cpp" />
    <ClCompile Include="..\..\..\SpoutSDK\SpoutDirectX.cpp">
      <Filter>SpoutSDK</Filter>
    </ClCompile>
    <ClCompile Include="..\..\..\SpoutSDK\SpoutFrameCount.cpp">
      <Filter>SpoutSDK</Filter>
    </ClCompile>
    <ClCompile Include="..\..\..\SpoutSDK\SpoutSenderNames.cpp">
      <Filter>SpoutSDK</Filter>
    </ClCompile>
    <ClCompile Include="..\..\..\SpoutSDK\SpoutSharedMemory.cpp">
      <Filter>SpoutSDK</Filter>
    </ClCompile>
    <ClCompile Include="..\..\..\SpoutSDK\SpoutUtils.cpp">
      <Filter>SpoutSDK</Filter>
    </ClCompile>
    <ClCompile Include="..\SpoutDX\SpoutDX.cpp">
      <Filter>SpoutDX</Filter>
    </ClCompile>
    <ClCompile Include="..\..\..\SpoutSDK\SpoutMemoryShare.cpp">
      <Filter>SpoutSDK</Filter>
    </ClCompile>
    <ClCompile Include="..\..\..\SpoutSDK\SpoutCopy.cpp">
      <Filter>SpoutSDK</Filter>
    </ClCompile>
  </ItemGroup>
  <ItemGroup>
    <CLInclude Include="resource.h">
      <Filter>Resource Files</Filter>
    </CLInclude>
    <ResourceCompile Include="Tutorial04.rc">
      <Filter>Resource Files</Filter>
    </ResourceCompile>
    <ClInclude Include="..\..\..\SpoutSDK\SpoutDirectX.h">
      <Filter>SpoutSDK</Filter>
    </ClInclude>
    <ClInclude Include="..\..\..\SpoutSDK\SpoutFrameCount.h">
      <Filter>SpoutSDK</Filter>
    </ClInclude>
    <ClInclude Include="..\..\..\SpoutSDK\SpoutSenderNames.h">
      <Filter>SpoutSDK</Filter>
    </ClInclude>
    <ClInclude Include="..\..\..\SpoutSDK\SpoutSharedMemory.h">
      <Filter>SpoutSDK</Filter>
    </ClInclude>
    <ClInclude Include="..\..\..\SpoutSDK\SpoutUtils.h">
      <Filter>SpoutSDK</Filter>
    </ClInclude>
    <ClInclude Include="..\SpoutDX\SpoutDX.h">
      <Filter>SpoutDX</Filter>
    </ClInclude>
    <ClInclude Include="..\..\..\SpoutSDK\SpoutCommon.h">
      <Filter>SpoutSDK</Filter>
    </ClInclude>
    <ClInclude Include="..\..\..\SpoutSDK\SpoutMemoryShare.h">
      <Filter>SpoutSDK</Filter>
    </ClInclude>
    <ClInclude Include="..\..\..\SpoutSDK\SpoutCopy.h">
      <Filter>SpoutSDK</Filter>
    </ClInclude>
  </ItemGroup>
  <ItemGroup>
    <FxCompile Include="Tutorial04.fx">
      <Filter>Shaders</Filter>
    </FxCompile>
    <FxCompile Include="Tutorial04_PS.hlsl">
      <Filter>Shaders</Filter>
    </FxCompile>
    <FxCompile Include="Tutorial04_VS.hlsl">
      <Filter>Shaders</Filter>
    </FxCompile>
  </ItemGroup>
</Project>