
Microsoft Visual Studio Solution File, Format Version 12.00
# Visual Studio 15
VisualStudioVersion = 15.0.28307.1300
MinimumVisualStudioVersion = 10.0.40219.1
Project("{8BC9CEB8-8B4A-11D0-8D11-00A0C91BC942}") = "Tutorial04", "Tutorial04_2017.vcxproj", "{B8FF81B5-9B26-4931-8353-07795FDC4043}"
EndProject
Global
	GlobalSection(SolutionConfigurationPlatforms) = preSolution
		Debug|x64 = Debug|x64
		Debug|x86 = Debug|x86
		Profile|x64 = Profile|x64
		Profile|x86 = Profile|x86
		Release|x64 = Release|x64
		Release|x86 = Release|x86
	EndGlobalSection
	GlobalSection(ProjectConfigurationPlatforms) = postSolution
		{B8FF81B5-9B26-4931-8353-07795FDC4043}.Debug|x64.ActiveCfg = Debug|x64
		{B8FF81B5-9B26-4931-8353-07795FDC4043}.Debug|x64.Build.0 = Debug|x64
		{B8FF81B5-9B26-4931-8353-07795FDC4043}.Debug|x86.ActiveCfg = Debug|Win32
		{B8FF81B5-9B26-4931-8353-07795FDC4043}.Debug|x86.Build.0 = Debug|Win32
		{B8FF81B5-9B26-4931-8353-07795FDC4043}.Profile|x64.ActiveCfg = Profile|x64
		{B8FF81B5-9B26-4931-8353-07795FDC4043}.Profile|x64.Build.0 = Profile|x64
		{B8FF81B5-9B26-4931-8353-07795FDC4043}.Profile|x86.ActiveCfg = Profile|Win32
		{B8FF81B5-9B26-4931-8353-07795FDC4043}.Profile|x86.Build.0 = Profile|Win32
		{B8FF81B5-9B26-4931-8353-07795FDC4043}.Release|x64.ActiveCfg = Release|x64
		{B8FF81B5-9B26-4931-8353-07795FDC4043}.Release|x64.Build.0 = Release|x64
		{B8FF81B5-9B26-4931-8353-07795FDC4043}.Release|x86.ActiveCfg = Release|Win32
		{B8FF81B5-9B26-4931-8353-07795FDC4043}.Release|x86.Build.0 = Release|Win32
	EndGlobalSection
	GlobalSection(SolutionProperties) = preSolution
		HideSolutionNode = FALSE
	EndGlobalSection
	GlobalSection(ExtensibilityGlobals) = postSolution
		SolutionGuid = {74EA8591-D180-4509-9029-3B1529F4E909}
	EndGlobalSection
EndGlobal
