<?xml version="1.0" encoding="utf-8"?>
<Project ToolsVersion="4.0" xmlns="http://schemas.microsoft.com/developer/msbuild/2003">
  <ItemGroup>
    <ClCompile Include="WinSpoutGLsender.cpp">
      <Filter>Source files</Filter>
    </ClCompile>
    <ClCompile Include="..\..\..\SpoutGL\Spout.cpp">
      <Filter>SpoutGL</Filter>
    </ClCompile>
    <ClCompile Include="..\..\..\SpoutGL\SpoutCopy.cpp">
      <Filter>SpoutGL</Filter>
    </ClCompile>
    <ClCompile Include="..\..\..\SpoutGL\SpoutDirectX.cpp">
      <Filter>SpoutGL</Filter>
    </ClCompile>
    <ClCompile Include="..\..\..\SpoutGL\SpoutFrameCount.cpp">
      <Filter>SpoutGL</Filter>
    </ClCompile>
    <ClCompile Include="..\..\..\SpoutGL\SpoutGL.cpp">
      <Filter>SpoutGL</Filter>
    </ClCompile>
    <ClCompile Include="..\..\..\SpoutGL\SpoutGLextensions.cpp">
      <Filter>SpoutGL</Filter>
    </ClCompile>
    <ClCompile Include="..\..\..\SpoutGL\SpoutReceiver.cpp">
      <Filter>SpoutGL</Filter>
    </ClCompile>
    <ClCompile Include="..\..\..\SpoutGL\SpoutSender.cpp">
      <Filter>SpoutGL</Filter>
    </ClCompile>
    <ClCompile Include="..\..\..\SpoutGL\SpoutSenderNames.cpp">
      <Filter>SpoutGL</Filter>
    </ClCompile>
    <ClCompile Include="..\..\..\SpoutGL\SpoutSharedMemory.cpp">
      <Filter>SpoutGL</Filter>
    </ClCompile>
    <ClCompile Include="..\..\..\SpoutGL\SpoutUtils.cpp">
      <Filter>SpoutGL</Filter>
    </ClCompile>
  </ItemGroup>
  <ItemGroup>
    <ClInclude Include="framework.h">
      <Filter>Header files</Filter>
    </ClInclude>
    <ClInclude Include="WinSpoutGLsender.h">
      <Filter>Header files</Filter>
    </ClInclude>
    <ClInclude Include="targetver.h">
      <Filter>Header files</Filter>
    </ClInclude>
    <ClInclude Include="Resource.h">
      <Filter>Header files</Filter>
    </ClInclude>
    <ClInclude Include="..\..\..\SpoutGL\Spout.h">
      <Filter>SpoutGL</Filter>
    </ClInclude>
    <ClInclude Include="..\..\..\SpoutGL\SpoutCommon.h">
      <Filter>SpoutGL</Filter>
    </ClInclude>
    <ClInclude Include="..\..\..\SpoutGL\SpoutCopy.h">
      <Filter>SpoutGL</Filter>
    </ClInclude>
    <ClInclude Include="..\..\..\SpoutGL\SpoutDirectX.h">
      <Filter>SpoutGL</Filter>
    </ClInclude>
    <ClInclude Include="..\..\..\SpoutGL\SpoutFrameCount.h">
      <Filter>SpoutGL</Filter>
    </ClInclude>
    <ClInclude Include="..\..\..\SpoutGL\SpoutGL.h">
      <Filter>SpoutGL</Filter>
    </ClInclude>
    <ClInclude Include="..\..\..\SpoutGL\SpoutGLextensions.h">
      <Filter>SpoutGL</Filter>
    </ClInclude>
    <ClInclude Include="..\..\..\SpoutGL\SpoutReceiver.h">
      <Filter>SpoutGL</Filter>
    </ClInclude>
    <ClInclude Include="..\..\..\SpoutGL\SpoutSender.h">
      <Filter>SpoutGL</Filter>
    </ClInclude>
    <ClInclude Include="..\..\..\SpoutGL\SpoutSenderNames.h">
      <Filter>SpoutGL</Filter>
    </ClInclude>
    <ClInclude Include="..\..\..\SpoutGL\SpoutSharedMemory.h">
      <Filter>SpoutGL</Filter>
    </ClInclude>
    <ClInclude Include="..\..\..\SpoutGL\SpoutUtils.h">
      <Filter>SpoutGL</Filter>
    </ClInclude>
  </ItemGroup>
  <ItemGroup>
    <Filter Include="SpoutGL">
      <UniqueIdentifier>{bca7a072-3e30-4d2c-bf26-a3e367f253ab}</UniqueIdentifier>
    </Filter>
    <Filter Include="Header files">
      <UniqueIdentifier>{8ec2eb2e-a948-4fdc-948c-2a9429caccb5}</UniqueIdentifier>
    </Filter>
    <Filter Include="Resource files">
      <UniqueIdentifier>{3c6b6715-10f3-432f-adbc-5d6f2a3cad30}</UniqueIdentifier>
    </Filter>
    <Filter Include="Source files">
      <UniqueIdentifier>{d4e9be62-8cb7-4d95-9a2d-73be63f88ca1}</UniqueIdentifier>
    </Filter>
  </ItemGroup>
  <ItemGroup>
    <ResourceCompile Include="WinSpoutGLsender.rc">
      <Filter>Resource files</Filter>
    </ResourceCompile>
  </ItemGroup>
</Project>