<?xml version="1.0" encoding="utf-8"?>
<Project ToolsVersion="4.0" xmlns="http://schemas.microsoft.com/developer/msbuild/2003">
  <ItemGroup>
    <ClCompile Include="..\Source\SpoutLibrary.cpp">
      <Filter>SpoutLibrary</Filter>
    </ClCompile>
    <ClCompile Include="..\..\SpoutSDK\SpoutCopy.cpp">
      <Filter>SpoutSDK</Filter>
    </ClCompile>
    <ClCompile Include="..\..\SpoutSDK\SpoutDirectX.cpp">
      <Filter>SpoutSDK</Filter>
    </ClCompile>
    <ClCompile Include="..\..\SpoutSDK\SpoutGLDXinterop.cpp">
      <Filter>SpoutSDK</Filter>
    </ClCompile>
    <ClCompile Include="..\..\SpoutSDK\SpoutGLextensions.cpp">
      <Filter>SpoutSDK</Filter>
    </ClCompile>
    <ClCompile Include="..\..\SpoutSDK\SpoutMemoryShare.cpp">
      <Filter>SpoutSDK</Filter>
    </ClCompile>
    <ClCompile Include="..\..\SpoutSDK\SpoutReceiver.cpp">
      <Filter>SpoutSDK</Filter>
    </ClCompile>
    <ClCompile Include="..\..\SpoutSDK\SpoutSDK.cpp">
      <Filter>SpoutSDK</Filter>
    </ClCompile>
    <ClCompile Include="..\..\SpoutSDK\SpoutSender.cpp">
      <Filter>SpoutSDK</Filter>
    </ClCompile>
    <ClCompile Include="..\..\SpoutSDK\SpoutSenderNames.cpp">
      <Filter>SpoutSDK</Filter>
    </ClCompile>
    <ClCompile Include="..\..\SpoutSDK\SpoutSharedMemory.cpp">
      <Filter>SpoutSDK</Filter>
    </ClCompile>
  </ItemGroup>
  <ItemGroup>
    <ClInclude Include="..\Source\SpoutLibrary.h">
      <Filter>SpoutLibrary</Filter>
    </ClInclude>
    <ClInclude Include="..\..\SpoutSDK\Spout.h">
      <Filter>SpoutSDK</Filter>
    </ClInclude>
    <ClInclude Include="..\..\SpoutSDK\SpoutCommon.h">
      <Filter>SpoutSDK</Filter>
    </ClInclude>
    <ClInclude Include="..\..\SpoutSDK\SpoutCopy.h">
      <Filter>SpoutSDK</Filter>
    </ClInclude>
    <ClInclude Include="..\..\SpoutSDK\SpoutDirectX.h">
      <Filter>SpoutSDK</Filter>
    </ClInclude>
    <ClInclude Include="..\..\SpoutSDK\SpoutGLDXinterop.h">
      <Filter>SpoutSDK</Filter>
    </ClInclude>
    <ClInclude Include="..\..\SpoutSDK\SpoutGLextensions.h">
      <Filter>SpoutSDK</Filter>
    </ClInclude>
    <ClInclude Include="..\..\SpoutSDK\SpoutMemoryShare.h">
      <Filter>SpoutSDK</Filter>
    </ClInclude>
    <ClInclude Include="..\..\SpoutSDK\SpoutReceiver.h">
      <Filter>SpoutSDK</Filter>
    </ClInclude>
    <ClInclude Include="..\..\SpoutSDK\SpoutSDK.h">
      <Filter>SpoutSDK</Filter>
    </ClInclude>
    <ClInclude Include="..\..\SpoutSDK\SpoutSender.h">
      <Filter>SpoutSDK</Filter>
    </ClInclude>
    <ClInclude Include="..\..\SpoutSDK\SpoutSenderNames.h">
      <Filter>SpoutSDK</Filter>
    </ClInclude>
    <ClInclude Include="..\..\SpoutSDK\SpoutSharedMemory.h">
      <Filter>SpoutSDK</Filter>
    </ClInclude>
  </ItemGroup>
  <ItemGroup>
    <Filter Include="SpoutLibrary">
      <UniqueIdentifier>{9a4e50b2-ca56-4027-bfc7-5a0948cca45c}</UniqueIdentifier>
    </Filter>
    <Filter Include="SpoutSDK">
      <UniqueIdentifier>{8d221f11-d53f-49ad-a68d-390339dfe5a3}</UniqueIdentifier>
    </Filter>
  </ItemGroup>
</Project>