
Microsoft Visual Studio Solution File, Format Version 12.00
# Visual Studio 15
VisualStudioVersion = 15.0.28307.1300
MinimumVisualStudioVersion = 10.0.40219.1
Project("{8BC9CEB8-8B4A-11D0-8D11-00A0C91BC942}") = "Tutorial07", "Tutorial07_2017.vcxproj", "{D29C6982-A589-4081-89B1-91E78D7C41E2}"
EndProject
Global
	GlobalSection(SolutionConfigurationPlatforms) = preSolution
		Debug|x64 = Debug|x64
		Debug|x86 = Debug|x86
		Profile|x64 = Profile|x64
		Profile|x86 = Profile|x86
		Release|x64 = Release|x64
		Release|x86 = Release|x86
	EndGlobalSection
	GlobalSection(ProjectConfigurationPlatforms) = postSolution
		{D29C6982-A589-4081-89B1-91E78D7C41E2}.Debug|x64.ActiveCfg = Debug|x64
		{D29C6982-A589-4081-89B1-91E78D7C41E2}.Debug|x64.Build.0 = Debug|x64
		{D29C6982-A589-4081-89B1-91E78D7C41E2}.Debug|x86.ActiveCfg = Debug|Win32
		{D29C6982-A589-4081-89B1-91E78D7C41E2}.Debug|x86.Build.0 = Debug|Win32
		{D29C6982-A589-4081-89B1-91E78D7C41E2}.Profile|x64.ActiveCfg = Profile|x64
		{D29C6982-A589-4081-89B1-91E78D7C41E2}.Profile|x64.Build.0 = Profile|x64
		{D29C6982-A589-4081-89B1-91E78D7C41E2}.Profile|x86.ActiveCfg = Profile|Win32
		{D29C6982-A589-4081-89B1-91E78D7C41E2}.Profile|x86.Build.0 = Profile|Win32
		{D29C6982-A589-4081-89B1-91E78D7C41E2}.Release|x64.ActiveCfg = Release|x64
		{D29C6982-A589-4081-89B1-91E78D7C41E2}.Release|x64.Build.0 = Release|x64
		{D29C6982-A589-4081-89B1-91E78D7C41E2}.Release|x86.ActiveCfg = Release|Win32
		{D29C6982-A589-4081-89B1-91E78D7C41E2}.Release|x86.Build.0 = Release|Win32
	EndGlobalSection
	GlobalSection(SolutionProperties) = preSolution
		HideSolutionNode = FALSE
	EndGlobalSection
	GlobalSection(ExtensibilityGlobals) = postSolution
		SolutionGuid = {932796A0-0EEE-43A5-9EF8-B5592EFFC2C8}
	EndGlobalSection
EndGlobal
