
Microsoft Visual Studio Solution File, Format Version 12.00
# Visual Studio Version 17
VisualStudioVersion = 17.10.35027.167
MinimumVisualStudioVersion = 10.0.40219.1
Project("{8BC9CEB8-8B4A-11D0-8D11-00A0C91BC942}") = "openframeworksLib", "..\..\..\libs\openFrameworksCompiled\project\vs\openframeworksLib.vcxproj", "{5837595D-ACA9-485C-8E76-729040CE4B0B}"
EndProject
Project("{2150E333-8FDC-42A3-9474-1A3956D46DE8}") = "Sender", "Sender", "{02EA681E-C7D8-13C7-8484-4AC65E1B71E8}"
EndProject
Project("{8BC9CEB8-8B4A-11D0-8D11-00A0C91BC942}") = "SenderData", "Sender\SenderData\SenderData.vcxproj", "{0D2079C1-F7C0-440D-A0C2-0CE32B78E4BF}"
EndProject
Project("{2150E333-8FDC-42A3-9474-1A3956D46DE8}") = "Receiver", "Receiver", "{6116FBC4-1408-4E7D-A31A-D398A0177655}"
EndProject
Project("{8BC9CEB8-8B4A-11D0-8D11-00A0C91BC942}") = "SenderSync", "Sender\SenderSync\SenderSync.vcxproj", "{63B5CD41-8C64-4118-A019-5F6B4E615900}"
EndProject
Project("{8BC9CEB8-8B4A-11D0-8D11-00A0C91BC942}") = "SenderUtilities", "Sender\SenderUtilities\SenderUtilities.vcxproj", "{F491A7E2-FA58-4A6D-9C3D-C1AA96B2A915}"
EndProject
Project("{8BC9CEB8-8B4A-11D0-8D11-00A0C91BC942}") = "SenderVideo", "Sender\SenderVideo\SenderVideo.vcxproj", "{64D80F8E-6B17-4967-9CCF-97E3EE37C9B3}"
EndProject
Project("{8BC9CEB8-8B4A-11D0-8D11-00A0C91BC942}") = "SenderWebcam", "Sender\SenderWebcam\SenderWebcam.vcxproj", "{58E14B77-9FC0-4456-8098-CE7009194D8B}"
EndProject
Project("{8BC9CEB8-8B4A-11D0-8D11-00A0C91BC942}") = "ReceiverData", "Receiver\ReceiverData\ReceiverData.vcxproj", "{A893BFE2-E10A-4752-8218-9334FE7E865A}"
EndProject
Project("{8BC9CEB8-8B4A-11D0-8D11-00A0C91BC942}") = "ReceiverGraphics", "Receiver\ReceiverGraphics\ReceiverGraphics.vcxproj", "{67CFDBF3-CC2B-43DB-8015-C4BDCE258F3F}"
EndProject
Project("{8BC9CEB8-8B4A-11D0-8D11-00A0C91BC942}") = "ReceiverMultiple", "Receiver\ReceiverMultiple\ReceiverMultiple.vcxproj", "{1904CD37-C3EE-48C0-8C97-9E14CBBE6BD8}"
EndProject
Project("{8BC9CEB8-8B4A-11D0-8D11-00A0C91BC942}") = "ReceiverSync", "Receiver\ReceiverSync\ReceiverSync.vcxproj", "{05FC5CCE-55DE-442F-8BFC-910FA3834D4C}"
EndProject
Project("{8BC9CEB8-8B4A-11D0-8D11-00A0C91BC942}") = "SenderGraphics", "Sender\SenderGraphics\SenderGraphics.vcxproj", "{7FD42DF7-442E-479A-BA76-D0022F99702A}"
EndProject
Global
	GlobalSection(SolutionConfigurationPlatforms) = preSolution
		Debug|x64 = Debug|x64
		Debug|x86 = Debug|x86
		Profile|x64 = Profile|x64
		Profile|x86 = Profile|x86
		Release|x64 = Release|x64
		Release|x86 = Release|x86
	EndGlobalSection
	GlobalSection(ProjectConfigurationPlatforms) = postSolution
		{5837595D-ACA9-485C-8E76-729040CE4B0B}.Debug|x64.ActiveCfg = Debug|x64
		{5837595D-ACA9-485C-8E76-729040CE4B0B}.Debug|x86.ActiveCfg = Debug|x64
		{5837595D-ACA9-485C-8E76-729040CE4B0B}.Debug|x86.Build.0 = Debug|x64
		{5837595D-ACA9-485C-8E76-729040CE4B0B}.Profile|x64.ActiveCfg = Release|x64
		{5837595D-ACA9-485C-8E76-729040CE4B0B}.Profile|x86.ActiveCfg = Release|x64
		{5837595D-ACA9-485C-8E76-729040CE4B0B}.Profile|x86.Build.0 = Release|x64
		{5837595D-ACA9-485C-8E76-729040CE4B0B}.Release|x64.ActiveCfg = Release|x64
		{5837595D-ACA9-485C-8E76-729040CE4B0B}.Release|x86.ActiveCfg = Release|x64
		{5837595D-ACA9-485C-8E76-729040CE4B0B}.Release|x86.Build.0 = Release|x64
		{0D2079C1-F7C0-440D-A0C2-0CE32B78E4BF}.Debug|x64.ActiveCfg = Debug|x64
		{0D2079C1-F7C0-440D-A0C2-0CE32B78E4BF}.Debug|x64.Build.0 = Debug|x64
		{0D2079C1-F7C0-440D-A0C2-0CE32B78E4BF}.Debug|x86.ActiveCfg = Debug|x64
		{0D2079C1-F7C0-440D-A0C2-0CE32B78E4BF}.Debug|x86.Build.0 = Debug|x64
		{0D2079C1-F7C0-440D-A0C2-0CE32B78E4BF}.Profile|x64.ActiveCfg = Release|x64
		{0D2079C1-F7C0-440D-A0C2-0CE32B78E4BF}.Profile|x64.Build.0 = Release|x64
		{0D2079C1-F7C0-440D-A0C2-0CE32B78E4BF}.Profile|x86.ActiveCfg = Release|x64
		{0D2079C1-F7C0-440D-A0C2-0CE32B78E4BF}.Profile|x86.Build.0 = Release|x64
		{0D2079C1-F7C0-440D-A0C2-0CE32B78E4BF}.Release|x64.ActiveCfg = Release|x64
		{0D2079C1-F7C0-440D-A0C2-0CE32B78E4BF}.Release|x64.Build.0 = Release|x64
		{0D2079C1-F7C0-440D-A0C2-0CE32B78E4BF}.Release|x86.ActiveCfg = Release|x64
		{0D2079C1-F7C0-440D-A0C2-0CE32B78E4BF}.Release|x86.Build.0 = Release|x64
		{63B5CD41-8C64-4118-A019-5F6B4E615900}.Debug|x64.ActiveCfg = Debug|x64
		{63B5CD41-8C64-4118-A019-5F6B4E615900}.Debug|x64.Build.0 = Debug|x64
		{63B5CD41-8C64-4118-A019-5F6B4E615900}.Debug|x86.ActiveCfg = Debug|x64
		{63B5CD41-8C64-4118-A019-5F6B4E615900}.Debug|x86.Build.0 = Debug|x64
		{63B5CD41-8C64-4118-A019-5F6B4E615900}.Profile|x64.ActiveCfg = Release|x64
		{63B5CD41-8C64-4118-A019-5F6B4E615900}.Profile|x64.Build.0 = Release|x64
		{63B5CD41-8C64-4118-A019-5F6B4E615900}.Profile|x86.ActiveCfg = Release|x64
		{63B5CD41-8C64-4118-A019-5F6B4E615900}.Profile|x86.Build.0 = Release|x64
		{63B5CD41-8C64-4118-A019-5F6B4E615900}.Release|x64.ActiveCfg = Release|x64
		{63B5CD41-8C64-4118-A019-5F6B4E615900}.Release|x64.Build.0 = Release|x64
		{63B5CD41-8C64-4118-A019-5F6B4E615900}.Release|x86.ActiveCfg = Release|x64
		{63B5CD41-8C64-4118-A019-5F6B4E615900}.Release|x86.Build.0 = Release|x64
		{F491A7E2-FA58-4A6D-9C3D-C1AA96B2A915}.Debug|x64.ActiveCfg = Debug|x64
		{F491A7E2-FA58-4A6D-9C3D-C1AA96B2A915}.Debug|x64.Build.0 = Debug|x64
		{F491A7E2-FA58-4A6D-9C3D-C1AA96B2A915}.Debug|x86.ActiveCfg = Debug|x64
		{F491A7E2-FA58-4A6D-9C3D-C1AA96B2A915}.Debug|x86.Build.0 = Debug|x64
		{F491A7E2-FA58-4A6D-9C3D-C1AA96B2A915}.Profile|x64.ActiveCfg = Release|x64
		{F491A7E2-FA58-4A6D-9C3D-C1AA96B2A915}.Profile|x64.Build.0 = Release|x64
		{F491A7E2-FA58-4A6D-9C3D-C1AA96B2A915}.Profile|x86.ActiveCfg = Release|x64
		{F491A7E2-FA58-4A6D-9C3D-C1AA96B2A915}.Profile|x86.Build.0 = Release|x64
		{F491A7E2-FA58-4A6D-9C3D-C1AA96B2A915}.Release|x64.ActiveCfg = Release|x64
		{F491A7E2-FA58-4A6D-9C3D-C1AA96B2A915}.Release|x64.Build.0 = Release|x64
		{F491A7E2-FA58-4A6D-9C3D-C1AA96B2A915}.Release|x86.ActiveCfg = Release|x64
		{F491A7E2-FA58-4A6D-9C3D-C1AA96B2A915}.Release|x86.Build.0 = Release|x64
		{64D80F8E-6B17-4967-9CCF-97E3EE37C9B3}.Debug|x64.ActiveCfg = Debug|x64
		{64D80F8E-6B17-4967-9CCF-97E3EE37C9B3}.Debug|x64.Build.0 = Debug|x64
		{64D80F8E-6B17-4967-9CCF-97E3EE37C9B3}.Debug|x86.ActiveCfg = Debug|x64
		{64D80F8E-6B17-4967-9CCF-97E3EE37C9B3}.Debug|x86.Build.0 = Debug|x64
		{64D80F8E-6B17-4967-9CCF-97E3EE37C9B3}.Profile|x64.ActiveCfg = Release|x64
		{64D80F8E-6B17-4967-9CCF-97E3EE37C9B3}.Profile|x64.Build.0 = Release|x64
		{64D80F8E-6B17-4967-9CCF-97E3EE37C9B3}.Profile|x86.ActiveCfg = Release|x64
		{64D80F8E-6B17-4967-9CCF-97E3EE37C9B3}.Profile|x86.Build.0 = Release|x64
		{64D80F8E-6B17-4967-9CCF-97E3EE37C9B3}.Release|x64.ActiveCfg = Release|x64
		{64D80F8E-6B17-4967-9CCF-97E3EE37C9B3}.Release|x64.Build.0 = Release|x64
		{64D80F8E-6B17-4967-9CCF-97E3EE37C9B3}.Release|x86.ActiveCfg = Release|x64
		{64D80F8E-6B17-4967-9CCF-97E3EE37C9B3}.Release|x86.Build.0 = Release|x64
		{58E14B77-9FC0-4456-8098-CE7009194D8B}.Debug|x64.ActiveCfg = Debug|x64
		{58E14B77-9FC0-4456-8098-CE7009194D8B}.Debug|x64.Build.0 = Debug|x64
		{58E14B77-9FC0-4456-8098-CE7009194D8B}.Debug|x86.ActiveCfg = Debug|x64
		{58E14B77-9FC0-4456-8098-CE7009194D8B}.Debug|x86.Build.0 = Debug|x64
		{58E14B77-9FC0-4456-8098-CE7009194D8B}.Profile|x64.ActiveCfg = Release|x64
		{58E14B77-9FC0-4456-8098-CE7009194D8B}.Profile|x64.Build.0 = Release|x64
		{58E14B77-9FC0-4456-8098-CE7009194D8B}.Profile|x86.ActiveCfg = Release|x64
		{58E14B77-9FC0-4456-8098-CE7009194D8B}.Profile|x86.Build.0 = Release|x64
		{58E14B77-9FC0-4456-8098-CE7009194D8B}.Release|x64.ActiveCfg = Release|x64
		{58E14B77-9FC0-4456-8098-CE7009194D8B}.Release|x64.Build.0 = Release|x64
		{58E14B77-9FC0-4456-8098-CE7009194D8B}.Release|x86.ActiveCfg = Release|x64
		{58E14B77-9FC0-4456-8098-CE7009194D8B}.Release|x86.Build.0 = Release|x64
		{A893BFE2-E10A-4752-8218-9334FE7E865A}.Debug|x64.ActiveCfg = Debug|x64
		{A893BFE2-E10A-4752-8218-9334FE7E865A}.Debug|x64.Build.0 = Debug|x64
		{A893BFE2-E10A-4752-8218-9334FE7E865A}.Debug|x86.ActiveCfg = Debug|x64
		{A893BFE2-E10A-4752-8218-9334FE7E865A}.Debug|x86.Build.0 = Debug|x64
		{A893BFE2-E10A-4752-8218-9334FE7E865A}.Profile|x64.ActiveCfg = Release|x64
		{A893BFE2-E10A-4752-8218-9334FE7E865A}.Profile|x64.Build.0 = Release|x64
		{A893BFE2-E10A-4752-8218-9334FE7E865A}.Profile|x86.ActiveCfg = Release|x64
		{A893BFE2-E10A-4752-8218-9334FE7E865A}.Profile|x86.Build.0 = Release|x64
		{A893BFE2-E10A-4752-8218-9334FE7E865A}.Release|x64.ActiveCfg = Release|x64
		{A893BFE2-E10A-4752-8218-9334FE7E865A}.Release|x64.Build.0 = Release|x64
		{A893BFE2-E10A-4752-8218-9334FE7E865A}.Release|x86.ActiveCfg = Release|x64
		{A893BFE2-E10A-4752-8218-9334FE7E865A}.Release|x86.Build.0 = Release|x64
		{67CFDBF3-CC2B-43DB-8015-C4BDCE258F3F}.Debug|x64.ActiveCfg = Debug|x64
		{67CFDBF3-CC2B-43DB-8015-C4BDCE258F3F}.Debug|x64.Build.0 = Debug|x64
		{67CFDBF3-CC2B-43DB-8015-C4BDCE258F3F}.Debug|x86.ActiveCfg = Debug|x64
		{67CFDBF3-CC2B-43DB-8015-C4BDCE258F3F}.Debug|x86.Build.0 = Debug|x64
		{67CFDBF3-CC2B-43DB-8015-C4BDCE258F3F}.Profile|x64.ActiveCfg = Release|x64
		{67CFDBF3-CC2B-43DB-8015-C4BDCE258F3F}.Profile|x64.Build.0 = Release|x64
		{67CFDBF3-CC2B-43DB-8015-C4BDCE258F3F}.Profile|x86.ActiveCfg = Release|x64
		{67CFDBF3-CC2B-43DB-8015-C4BDCE258F3F}.Profile|x86.Build.0 = Release|x64
		{67CFDBF3-CC2B-43DB-8015-C4BDCE258F3F}.Release|x64.ActiveCfg = Release|x64
		{67CFDBF3-CC2B-43DB-8015-C4BDCE258F3F}.Release|x64.Build.0 = Release|x64
		{67CFDBF3-CC2B-43DB-8015-C4BDCE258F3F}.Release|x86.ActiveCfg = Release|x64
		{67CFDBF3-CC2B-43DB-8015-C4BDCE258F3F}.Release|x86.Build.0 = Release|x64
		{1904CD37-C3EE-48C0-8C97-9E14CBBE6BD8}.Debug|x64.ActiveCfg = Debug|x64
		{1904CD37-C3EE-48C0-8C97-9E14CBBE6BD8}.Debug|x64.Build.0 = Debug|x64
		{1904CD37-C3EE-48C0-8C97-9E14CBBE6BD8}.Debug|x86.ActiveCfg = Debug|x64
		{1904CD37-C3EE-48C0-8C97-9E14CBBE6BD8}.Debug|x86.Build.0 = Debug|x64
		{1904CD37-C3EE-48C0-8C97-9E14CBBE6BD8}.Profile|x64.ActiveCfg = Release|x64
		{1904CD37-C3EE-48C0-8C97-9E14CBBE6BD8}.Profile|x64.Build.0 = Release|x64
		{1904CD37-C3EE-48C0-8C97-9E14CBBE6BD8}.Profile|x86.ActiveCfg = Release|x64
		{1904CD37-C3EE-48C0-8C97-9E14CBBE6BD8}.Profile|x86.Build.0 = Release|x64
		{1904CD37-C3EE-48C0-8C97-9E14CBBE6BD8}.Release|x64.ActiveCfg = Release|x64
		{1904CD37-C3EE-48C0-8C97-9E14CBBE6BD8}.Release|x64.Build.0 = Release|x64
		{1904CD37-C3EE-48C0-8C97-9E14CBBE6BD8}.Release|x86.ActiveCfg = Release|x64
		{1904CD37-C3EE-48C0-8C97-9E14CBBE6BD8}.Release|x86.Build.0 = Release|x64
		{05FC5CCE-55DE-442F-8BFC-910FA3834D4C}.Debug|x64.ActiveCfg = Debug|x64
		{05FC5CCE-55DE-442F-8BFC-910FA3834D4C}.Debug|x64.Build.0 = Debug|x64
		{05FC5CCE-55DE-442F-8BFC-910FA3834D4C}.Debug|x86.ActiveCfg = Debug|x64
		{05FC5CCE-55DE-442F-8BFC-910FA3834D4C}.Debug|x86.Build.0 = Debug|x64
		{05FC5CCE-55DE-442F-8BFC-910FA3834D4C}.Profile|x64.ActiveCfg = Release|x64
		{05FC5CCE-55DE-442F-8BFC-910FA3834D4C}.Profile|x64.Build.0 = Release|x64
		{05FC5CCE-55DE-442F-8BFC-910FA3834D4C}.Profile|x86.ActiveCfg = Release|x64
		{05FC5CCE-55DE-442F-8BFC-910FA3834D4C}.Profile|x86.Build.0 = Release|x64
		{05FC5CCE-55DE-442F-8BFC-910FA3834D4C}.Release|x64.ActiveCfg = Release|x64
		{05FC5CCE-55DE-442F-8BFC-910FA3834D4C}.Release|x64.Build.0 = Release|x64
		{05FC5CCE-55DE-442F-8BFC-910FA3834D4C}.Release|x86.ActiveCfg = Release|x64
		{05FC5CCE-55DE-442F-8BFC-910FA3834D4C}.Release|x86.Build.0 = Release|x64
		{7FD42DF7-442E-479A-BA76-D0022F99702A}.Debug|x64.ActiveCfg = Debug|x64
		{7FD42DF7-442E-479A-BA76-D0022F99702A}.Debug|x64.Build.0 = Debug|x64
		{7FD42DF7-442E-479A-BA76-D0022F99702A}.Debug|x86.ActiveCfg = Debug|x64
		{7FD42DF7-442E-479A-BA76-D0022F99702A}.Debug|x86.Build.0 = Debug|x64
		{7FD42DF7-442E-479A-BA76-D0022F99702A}.Profile|x64.ActiveCfg = Release|x64
		{7FD42DF7-442E-479A-BA76-D0022F99702A}.Profile|x64.Build.0 = Release|x64
		{7FD42DF7-442E-479A-BA76-D0022F99702A}.Profile|x86.ActiveCfg = Release|x64
		{7FD42DF7-442E-479A-BA76-D0022F99702A}.Profile|x86.Build.0 = Release|x64
		{7FD42DF7-442E-479A-BA76-D0022F99702A}.Release|x64.ActiveCfg = Release|x64
		{7FD42DF7-442E-479A-BA76-D0022F99702A}.Release|x64.Build.0 = Release|x64
		{7FD42DF7-442E-479A-BA76-D0022F99702A}.Release|x86.ActiveCfg = Release|x64
		{7FD42DF7-442E-479A-BA76-D0022F99702A}.Release|x86.Build.0 = Release|x64
	EndGlobalSection
	GlobalSection(SolutionProperties) = preSolution
		HideSolutionNode = FALSE
	EndGlobalSection
	GlobalSection(NestedProjects) = preSolution
		{0D2079C1-F7C0-440D-A0C2-0CE32B78E4BF} = {02EA681E-C7D8-13C7-8484-4AC65E1B71E8}
		{63B5CD41-8C64-4118-A019-5F6B4E615900} = {02EA681E-C7D8-13C7-8484-4AC65E1B71E8}
		{F491A7E2-FA58-4A6D-9C3D-C1AA96B2A915} = {02EA681E-C7D8-13C7-8484-4AC65E1B71E8}
		{64D80F8E-6B17-4967-9CCF-97E3EE37C9B3} = {02EA681E-C7D8-13C7-8484-4AC65E1B71E8}
		{58E14B77-9FC0-4456-8098-CE7009194D8B} = {02EA681E-C7D8-13C7-8484-4AC65E1B71E8}
		{A893BFE2-E10A-4752-8218-9334FE7E865A} = {6116FBC4-1408-4E7D-A31A-D398A0177655}
		{67CFDBF3-CC2B-43DB-8015-C4BDCE258F3F} = {6116FBC4-1408-4E7D-A31A-D398A0177655}
		{1904CD37-C3EE-48C0-8C97-9E14CBBE6BD8} = {6116FBC4-1408-4E7D-A31A-D398A0177655}
		{05FC5CCE-55DE-442F-8BFC-910FA3834D4C} = {6116FBC4-1408-4E7D-A31A-D398A0177655}
		{7FD42DF7-442E-479A-BA76-D0022F99702A} = {02EA681E-C7D8-13C7-8484-4AC65E1B71E8}
	EndGlobalSection
	GlobalSection(ExtensibilityGlobals) = postSolution
		SolutionGuid = {BE8EE3A4-5C7B-4A27-9621-58E2B550774F}
	EndGlobalSection
EndGlobal
