<?xml version="1.0" encoding="utf-8"?>
<Project ToolsVersion="4.0" xmlns:atg="http://atg.xbox.com" xmlns="http://schemas.microsoft.com/developer/msbuild/2003">
  <ItemGroup>
    <Filter Include="Resource Files">
      <UniqueIdentifier>{8e114980-c1a3-4ada-ad7c-83caadf5daeb}</UniqueIdentifier>
      <Extensions>rc;ico;cur;bmp;dlg;rc2;rct;bin;rgs;gif;jpg;jpeg;jpe</Extensions>
    </Filter>
    <Filter Include="Shaders">
      <UniqueIdentifier>{2c3d4c8c-5d1a-459a-a05a-a4e4b608a44e}</UniqueIdentifier>
      <Extensions>fx;fxh;hlsl</Extensions>
    </Filter>
    <Filter Include="SpoutSDK">
      <UniqueIdentifier>{7c9974db-8168-42cf-93e9-d2eb35f56813}</UniqueIdentifier>
    </Filter>
    <Filter Include="SpoutDX">
      <UniqueIdentifier>{1ac1c8e5-d1d3-47e9-ab0a-0ec084c7eddb}</UniqueIdentifier>
    </Filter>
  </ItemGroup>
  <ItemGroup>
    <ClCompile Include="Tutorial04.cpp" />
    <ClCompile Include="..\..\..\..\SpoutSDK\SpoutCopy.cpp">
      <Filter>SpoutSDK</Filter>
    </ClCompile>
    <ClCompile Include="..\..\..\..\SpoutSDK\SpoutDirectX.cpp">
      <Filter>SpoutSDK</Filter>
    </ClCompile>
    <ClCompile Include="..\..\..\..\SpoutSDK\SpoutFrameCount.cpp">
      <Filter>SpoutSDK</Filter>
    </ClCompile>
    <ClCompile Include="..\..\..\..\SpoutSDK\SpoutSenderNames.cpp">
      <Filter>SpoutSDK</Filter>
    </ClCompile>
    <ClCompile Include="..\..\..\..\SpoutSDK\SpoutSharedMemory.cpp">
      <Filter>SpoutSDK</Filter>
    </ClCompile>
    <ClCompile Include="..\..\..\..\SpoutSDK\SpoutUtils.cpp">
      <Filter>SpoutSDK</Filter>
    </ClCompile>
    <ClCompile Include="..\SpoutDX.cpp">
      <Filter>SpoutDX</Filter>
    </ClCompile>
  </ItemGroup>
  <ItemGroup>
    <CLInclude Include="resource.h">
      <Filter>Resource Files</Filter>
    </CLInclude>
    <ResourceCompile Include="Tutorial04.rc">
      <Filter>Resource Files</Filter>
    </ResourceCompile>
    <ClInclude Include="..\..\..\..\SpoutSDK\SpoutCopy.h">
      <Filter>SpoutSDK</Filter>
    </ClInclude>
    <ClInclude Include="..\..\..\..\SpoutSDK\SpoutFrameCount.h">
      <Filter>SpoutSDK</Filter>
    </ClInclude>
    <ClInclude Include="..\..\..\..\SpoutSDK\SpoutSenderNames.h">
      <Filter>SpoutSDK</Filter>
    </ClInclude>
    <ClInclude Include="..\..\..\..\SpoutSDK\SpoutSharedMemory.h">
      <Filter>SpoutSDK</Filter>
    </ClInclude>
    <ClInclude Include="..\..\..\..\SpoutSDK\SpoutCommon.h">
      <Filter>SpoutSDK</Filter>
    </ClInclude>
    <ClInclude Include="..\..\..\..\SpoutSDK\SpoutDirectX.h">
      <Filter>SpoutSDK</Filter>
    </ClInclude>
    <ClInclude Include="..\..\..\..\SpoutSDK\SpoutUtils.h">
      <Filter>SpoutSDK</Filter>
    </ClInclude>
    <ClInclude Include="..\SpoutDX.h">
      <Filter>SpoutDX</Filter>
    </ClInclude>
  </ItemGroup>
  <ItemGroup>
    <FxCompile Include="Tutorial04.fx">
      <Filter>Shaders</Filter>
    </FxCompile>
    <FxCompile Include="Tutorial04_PS.hlsl">
      <Filter>Shaders</Filter>
    </FxCompile>
    <FxCompile Include="Tutorial04_VS.hlsl">
      <Filter>Shaders</Filter>
    </FxCompile>
  </ItemGroup>
</Project>