<?xml version="1.0" encoding="utf-8"?>
<Project ToolsVersion="4.0" xmlns:atg="http://atg.xbox.com" xmlns="http://schemas.microsoft.com/developer/msbuild/2003">
  <ItemGroup>
    <Filter Include="Resource Files">
      <UniqueIdentifier>{8e114980-c1a3-4ada-ad7c-83caadf5daeb}</UniqueIdentifier>
      <Extensions>rc;ico;cur;bmp;dlg;rc2;rct;bin;rgs;gif;jpg;jpeg;jpe</Extensions>
    </Filter>
    <Filter Include="Shaders">
      <UniqueIdentifier>{2c3d4c8c-5d1a-459a-a05a-a4e4b608a44e}</UniqueIdentifier>
      <Extensions>fx;fxh;hlsl</Extensions>
    </Filter>
    <Filter Include="SpoutSDK">
      <UniqueIdentifier>{f52c657b-0a0f-47cd-9ec1-ec37de7ec21b}</UniqueIdentifier>
    </Filter>
    <Filter Include="SpoutDX">
      <UniqueIdentifier>{604c26b2-a40b-4ffc-ad43-4cfc8e1bb22b}</UniqueIdentifier>
    </Filter>
  </ItemGroup>
  <ItemGroup>
    <ClCompile Include="DDSTextureLoader.cpp" />
    <ClCompile Include="..\SpoutDX.cpp">
      <Filter>SpoutDX</Filter>
    </ClCompile>
    <ClCompile Include="..\..\..\SpoutGL\SpoutCopy.cpp">
      <Filter>SpoutSDK</Filter>
    </ClCompile>
    <ClCompile Include="..\..\..\SpoutGL\SpoutDirectX.cpp">
      <Filter>SpoutSDK</Filter>
    </ClCompile>
    <ClCompile Include="..\..\..\SpoutGL\SpoutFrameCount.cpp">
      <Filter>SpoutSDK</Filter>
    </ClCompile>
    <ClCompile Include="..\..\..\SpoutGL\SpoutSenderNames.cpp">
      <Filter>SpoutSDK</Filter>
    </ClCompile>
    <ClCompile Include="..\..\..\SpoutGL\SpoutSharedMemory.cpp">
      <Filter>SpoutSDK</Filter>
    </ClCompile>
    <ClCompile Include="..\..\..\SpoutGL\SpoutUtils.cpp">
      <Filter>SpoutSDK</Filter>
    </ClCompile>
  </ItemGroup>
  <ItemGroup>
    <ClCompile Include="Tutorial07.cpp" />
  </ItemGroup>
  <ItemGroup>
    <CLInclude Include="resource.h">
      <Filter>Resource Files</Filter>
    </CLInclude>
    <ResourceCompile Include="Tutorial07.rc">
      <Filter>Resource Files</Filter>
    </ResourceCompile>
    <ClInclude Include="DDSTextureLoader.h" />
    <ClInclude Include="..\SpoutDX.h">
      <Filter>SpoutDX</Filter>
    </ClInclude>
    <ClInclude Include="..\..\..\SpoutGL\SpoutCopy.h">
      <Filter>SpoutSDK</Filter>
    </ClInclude>
    <ClInclude Include="..\..\..\SpoutGL\SpoutDirectX.h">
      <Filter>SpoutSDK</Filter>
    </ClInclude>
    <ClInclude Include="..\..\..\SpoutGL\SpoutFrameCount.h">
      <Filter>SpoutSDK</Filter>
    </ClInclude>
    <ClInclude Include="..\..\..\SpoutGL\SpoutSenderNames.h">
      <Filter>SpoutSDK</Filter>
    </ClInclude>
    <ClInclude Include="..\..\..\SpoutGL\SpoutSharedMemory.h">
      <Filter>SpoutSDK</Filter>
    </ClInclude>
    <ClInclude Include="..\..\..\SpoutGL\SpoutUtils.h">
      <Filter>SpoutSDK</Filter>
    </ClInclude>
  </ItemGroup>
  <ItemGroup>
    <FxCompile Include="Tutorial07.fx">
      <Filter>Shaders</Filter>
    </FxCompile>
    <FxCompile Include="Tutorial07_PS.hlsl">
      <Filter>Shaders</Filter>
    </FxCompile>
    <FxCompile Include="Tutorial07_VS.hlsl">
      <Filter>Shaders</Filter>
    </FxCompile>
  </ItemGroup>
  <ItemGroup>
    <Image Include="seafloor.dds">
      <Filter>Resource Files</Filter>
    </Image>
  </ItemGroup>
</Project>