<?xml version="1.0" encoding="utf-8"?>
<Project ToolsVersion="4.0" xmlns="http://schemas.microsoft.com/developer/msbuild/2003">
  <ItemGroup>
    <Filter Include="Source Files">
      <UniqueIdentifier>{4FC737F1-C7A5-4376-A066-2A32D752A2FF}</UniqueIdentifier>
      <Extensions>cpp;c;cc;cxx;def;odl;idl;hpj;bat;asm;asmx</Extensions>
    </Filter>
    <Filter Include="Header Files">
      <UniqueIdentifier>{93995380-89BD-4b04-88EB-625FBE52EBFB}</UniqueIdentifier>
      <Extensions>h;hpp;hxx;hm;inl;inc;xsd</Extensions>
    </Filter>
    <Filter Include="Resource Files">
      <UniqueIdentifier>{67DA6AB6-F800-4c08-8B7A-83BB121AAD01}</UniqueIdentifier>
      <Extensions>rc;ico;cur;bmp;dlg;rc2;rct;bin;rgs;gif;jpg;jpeg;jpe;resx;tiff;tif;png;wav</Extensions>
    </Filter>
    <Filter Include="SpoutGL">
      <UniqueIdentifier>{818d86c3-af0e-472d-92dc-990252d2767b}</UniqueIdentifier>
    </Filter>
  </ItemGroup>
  <ItemGroup>
    <ClCompile Include="..\src\FboBasicApp.cpp">
      <Filter>Source Files</Filter>
    </ClCompile>
    <ClCompile Include="..\..\..\..\SpoutGL\Spout.cpp">
      <Filter>SpoutGL</Filter>
    </ClCompile>
    <ClCompile Include="..\..\..\..\SpoutGL\SpoutCopy.cpp">
      <Filter>SpoutGL</Filter>
    </ClCompile>
    <ClCompile Include="..\..\..\..\SpoutGL\SpoutDirectX.cpp">
      <Filter>SpoutGL</Filter>
    </ClCompile>
    <ClCompile Include="..\..\..\..\SpoutGL\SpoutFrameCount.cpp">
      <Filter>SpoutGL</Filter>
    </ClCompile>
    <ClCompile Include="..\..\..\..\SpoutGL\SpoutGL.cpp">
      <Filter>SpoutGL</Filter>
    </ClCompile>
    <ClCompile Include="..\..\..\..\SpoutGL\SpoutGLextensions.cpp">
      <Filter>SpoutGL</Filter>
    </ClCompile>
    <ClCompile Include="..\..\..\..\SpoutGL\SpoutReceiver.cpp">
      <Filter>SpoutGL</Filter>
    </ClCompile>
    <ClCompile Include="..\..\..\..\SpoutGL\SpoutSender.cpp">
      <Filter>SpoutGL</Filter>
    </ClCompile>
    <ClCompile Include="..\..\..\..\SpoutGL\SpoutSenderNames.cpp">
      <Filter>SpoutGL</Filter>
    </ClCompile>
    <ClCompile Include="..\..\..\..\SpoutGL\SpoutSharedMemory.cpp">
      <Filter>SpoutGL</Filter>
    </ClCompile>
    <ClCompile Include="..\..\..\..\SpoutGL\SpoutUtils.cpp">
      <Filter>SpoutGL</Filter>
    </ClCompile>
  </ItemGroup>
  <ItemGroup>
    <ClInclude Include="..\include\Resources.h">
      <Filter>Header Files</Filter>
    </ClInclude>
    <ClInclude Include="..\..\..\..\SpoutGL\Spout.h">
      <Filter>SpoutGL</Filter>
    </ClInclude>
    <ClInclude Include="..\..\..\..\SpoutGL\SpoutCommon.h">
      <Filter>SpoutGL</Filter>
    </ClInclude>
    <ClInclude Include="..\..\..\..\SpoutGL\SpoutCopy.h">
      <Filter>SpoutGL</Filter>
    </ClInclude>
    <ClInclude Include="..\..\..\..\SpoutGL\SpoutDirectX.h">
      <Filter>SpoutGL</Filter>
    </ClInclude>
    <ClInclude Include="..\..\..\..\SpoutGL\SpoutFrameCount.h">
      <Filter>SpoutGL</Filter>
    </ClInclude>
    <ClInclude Include="..\..\..\..\SpoutGL\SpoutGL.h">
      <Filter>SpoutGL</Filter>
    </ClInclude>
    <ClInclude Include="..\..\..\..\SpoutGL\SpoutGLextensions.h">
      <Filter>SpoutGL</Filter>
    </ClInclude>
    <ClInclude Include="..\..\..\..\SpoutGL\SpoutReceiver.h">
      <Filter>SpoutGL</Filter>
    </ClInclude>
    <ClInclude Include="..\..\..\..\SpoutGL\SpoutSender.h">
      <Filter>SpoutGL</Filter>
    </ClInclude>
    <ClInclude Include="..\..\..\..\SpoutGL\SpoutSenderNames.h">
      <Filter>SpoutGL</Filter>
    </ClInclude>
    <ClInclude Include="..\..\..\..\SpoutGL\SpoutSharedMemory.h">
      <Filter>SpoutGL</Filter>
    </ClInclude>
    <ClInclude Include="..\..\..\..\SpoutGL\SpoutUtils.h">
      <Filter>SpoutGL</Filter>
    </ClInclude>
  </ItemGroup>
  <ItemGroup>
    <ResourceCompile Include="Resources.rc">
      <Filter>Resource Files</Filter>
    </ResourceCompile>
  </ItemGroup>
</Project>