
Microsoft Visual Studio Solution File, Format Version 12.00
# Visual Studio 15
VisualStudioVersion = 15.0.28307.1300
MinimumVisualStudioVersion = 10.0.40219.1
Project("{8BC9CEB8-8B4A-11D0-8D11-00A0C91BC942}") = "WinSpoutDX", "WinSpoutDX.vcxproj", "{EFC97802-E2E4-4C08-A186-2ADCAAA7587F}"
EndProject
Global
	GlobalSection(SolutionConfigurationPlatforms) = preSolution
		Debug|x64 = Debug|x64
		Debug|x86 = Debug|x86
		Release|x64 = Release|x64
		Release|x86 = Release|x86
	EndGlobalSection
	GlobalSection(ProjectConfigurationPlatforms) = postSolution
		{EFC97802-E2E4-4C08-A186-2ADCAAA7587F}.Debug|x64.ActiveCfg = Debug|x64
		{EFC97802-E2E4-4C08-A186-2ADCAAA7587F}.Debug|x64.Build.0 = Debug|x64
		{EFC97802-E2E4-4C08-A186-2ADCAAA7587F}.Debug|x86.ActiveCfg = Debug|Win32
		{EFC97802-E2E4-4C08-A186-2ADCAAA7587F}.Debug|x86.Build.0 = Debug|Win32
		{EFC97802-E2E4-4C08-A186-2ADCAAA7587F}.Release|x64.ActiveCfg = Release|x64
		{EFC97802-E2E4-4C08-A186-2ADCAAA7587F}.Release|x64.Build.0 = Release|x64
		{EFC97802-E2E4-4C08-A186-2ADCAAA7587F}.Release|x86.ActiveCfg = Release|Win32
		{EFC97802-E2E4-4C08-A186-2ADCAAA7587F}.Release|x86.Build.0 = Release|Win32
	EndGlobalSection
	GlobalSection(SolutionProperties) = preSolution
		HideSolutionNode = FALSE
	EndGlobalSection
	GlobalSection(ExtensibilityGlobals) = postSolution
		SolutionGuid = {BF9E9F64-7E2B-4667-9829-9990485F3651}
	EndGlobalSection
EndGlobal
